{
  "name": "eva-mobile-skill",
  "version": "1.0.0",
  "lockfileVersion": 3,
  "requires": true,
  "packages": {
    "": {
      "name": "eva-mobile-skill",
      "version": "1.0.0",
      "bin": {
        "eva-mobile-locate": "eva-mobile-locate.js",
        "jun-sense-connect": "jun-sense-connect.js"
      }
    }
  }
}
